
Microsoft Visual Studio Solution File, Format Version 12.00
# Visual Studio Version 16
VisualStudioVersion = 16.0.32228.343
MinimumVisualStudioVersion = 10.0.40219.1
Project("{FAE04EC0-301F-11D3-BF4B-00C04F79EFBC}") = "CustomTimeZone", "CustomTimeZone\CustomTimeZone.csproj", "{C361D4C8-9AC7-4783-AE23-92B11A02C43D}"
EndProject
Global
	GlobalSection(SolutionConfigurationPlatforms) = preSolution
		Debug|Any CPU = Debug|Any CPU
		Release|Any CPU = Release|Any CPU
	EndGlobalSection
	GlobalSection(ProjectConfigurationPlatforms) = postSolution
		{C361D4C8-9AC7-4783-AE23-92B11A02C43D}.Debug|Any CPU.ActiveCfg = Debug|Any CPU
		{C361D4C8-9AC7-4783-AE23-92B11A02C43D}.Debug|Any CPU.Build.0 = Debug|Any CPU
		{C361D4C8-9AC7-4783-AE23-92B11A02C43D}.Release|Any CPU.ActiveCfg = Release|Any CPU
		{C361D4C8-9AC7-4783-AE23-92B11A02C43D}.Release|Any CPU.Build.0 = Release|Any CPU
	EndGlobalSection
	GlobalSection(SolutionProperties) = preSolution
		HideSolutionNode = FALSE
	EndGlobalSection
	GlobalSection(ExtensibilityGlobals) = postSolution
		SolutionGuid = {3AEC07FC-B178-49D5-B8DC-A8EF251EAC4B}
	EndGlobalSection
EndGlobal
